
Microsoft Visual Studio Solution File, Format Version 12.00
# Visual Studio Version 16
VisualStudioVersion = 16.0.29911.84
MinimumVisualStudioVersion = 10.0.40219.1
Project("{FAE04EC0-301F-11D3-BF4B-00C04F79EFBC}") = "ConsoleApp1", "ConsoleApp1\ConsoleApp1.csproj", "{FCE28C01-7D67-48F1-A4A9-2A103F745837}"
EndProject
Project("{FAE04EC0-301F-11D3-BF4B-00C04F79EFBC}") = "UnitTestProject1", "UnitTestProject1\UnitTestProject1.csproj", "{6797C570-0A54-4939-843C-7421F7B0058F}"
EndProject
Global
	GlobalSection(SolutionConfigurationPlatforms) = preSolution
		Debug|Any CPU = Debug|Any CPU
		Release|Any CPU = Release|Any CPU
	EndGlobalSection
	GlobalSection(ProjectConfigurationPlatforms) = postSolution
		{FCE28C01-7D67-48F1-A4A9-2A103F745837}.Debug|Any CPU.ActiveCfg = Debug|Any CPU
		{FCE28C01-7D67-48F1-A4A9-2A103F745837}.Debug|Any CPU.Build.0 = Debug|Any CPU
		{FCE28C01-7D67-48F1-A4A9-2A103F745837}.Release|Any CPU.ActiveCfg = Release|Any CPU
		{FCE28C01-7D67-48F1-A4A9-2A103F745837}.Release|Any CPU.Build.0 = Release|Any CPU
		{F60E346B-8D72-4B1A-8928-33FF2EB7AF32}.Debug|Any CPU.ActiveCfg = Debug|Any CPU
		{F60E346B-8D72-4B1A-8928-33FF2EB7AF32}.Debug|Any CPU.Build.0 = Debug|Any CPU
		{F60E346B-8D72-4B1A-8928-33FF2EB7AF32}.Release|Any CPU.ActiveCfg = Release|Any CPU
		{F60E346B-8D72-4B1A-8928-33FF2EB7AF32}.Release|Any CPU.Build.0 = Release|Any CPU
		{6797C570-0A54-4939-843C-7421F7B0058F}.Debug|Any CPU.ActiveCfg = Debug|Any CPU
		{6797C570-0A54-4939-843C-7421F7B0058F}.Debug|Any CPU.Build.0 = Debug|Any CPU
		{6797C570-0A54-4939-843C-7421F7B0058F}.Release|Any CPU.ActiveCfg = Release|Any CPU
		{6797C570-0A54-4939-843C-7421F7B0058F}.Release|Any CPU.Build.0 = Release|Any CPU
	EndGlobalSection
	GlobalSection(SolutionProperties) = preSolution
		HideSolutionNode = FALSE
	EndGlobalSection
	GlobalSection(ExtensibilityGlobals) = postSolution
		SolutionGuid = {003C9A29-B9BC-4026-A57A-2E9BC81E85F3}
	EndGlobalSection
EndGlobal
